// !$*UTF8*$!
{
	archiveVersion = 1;
	classes = {
	};
	objectVersion = 46;
	objects = {

/* Begin PBXBuildFile section */
		B90096431BB301AE004D97B9 /* QuoteExtension.swift in Sources */ = {isa = PBXBuildFile; fileRef = B90096421BB301AE004D97B9 /* QuoteExtension.swift */; };
		B90096451BB3031A004D97B9 /* AddQuoteViewController.swift in Sources */ = {isa = PBXBuildFile; fileRef = B90096441BB3031A004D97B9 /* AddQuoteViewController.swift */; };
		B922C1341BB1F6E800E49E2C /* AppDelegate.swift in Sources */ = {isa = PBXBuildFile; fileRef = B922C1331BB1F6E800E49E2C /* AppDelegate.swift */; };
		B922C1391BB1F6E800E49E2C /* Main.storyboard in Resources */ = {isa = PBXBuildFile; fileRef = B922C1371BB1F6E800E49E2C /* Main.storyboard */; };
		B922C13B1BB1F6E800E49E2C /* Assets.xcassets in Resources */ = {isa = PBXBuildFile; fileRef = B922C13A1BB1F6E800E49E2C /* Assets.xcassets */; };
		B922C13E1BB1F6E800E49E2C /* LaunchScreen.storyboard in Resources */ = {isa = PBXBuildFile; fileRef = B922C13C1BB1F6E800E49E2C /* LaunchScreen.storyboard */; };
		B922C1461BB1F77800E49E2C /* QuotesViewController.swift in Sources */ = {isa = PBXBuildFile; fileRef = B922C1451BB1F77800E49E2C /* QuotesViewController.swift */; };
		B922C1481BB1F82300E49E2C /* Quote.swift in Sources */ = {isa = PBXBuildFile; fileRef = B922C1471BB1F82300E49E2C /* Quote.swift */; };
		B922C14A1BB1F84100E49E2C /* Author.swift in Sources */ = {isa = PBXBuildFile; fileRef = B922C1491BB1F84100E49E2C /* Author.swift */; };
/* End PBXBuildFile section */

/* Begin PBXFileReference section */
		B90096421BB301AE004D97B9 /* QuoteExtension.swift */ = {isa = PBXFileReference; fileEncoding = 4; lastKnownFileType = sourcecode.swift; path = QuoteExtension.swift; sourceTree = "<group>"; };
		B90096441BB3031A004D97B9 /* AddQuoteViewController.swift */ = {isa = PBXFileReference; fileEncoding = 4; lastKnownFileType = sourcecode.swift; path = AddQuoteViewController.swift; sourceTree = "<group>"; };
		B922C1301BB1F6E800E49E2C /* CoolQuotes.app */ = {isa = PBXFileReference; explicitFileType = wrapper.application; includeInIndex = 0; path = CoolQuotes.app; sourceTree = BUILT_PRODUCTS_DIR; };
		B922C1331BB1F6E800E49E2C /* AppDelegate.swift */ = {isa = PBXFileReference; lastKnownFileType = sourcecode.swift; path = AppDelegate.swift; sourceTree = "<group>"; };
		B922C1381BB1F6E800E49E2C /* Base */ = {isa = PBXFileReference; lastKnownFileType = file.storyboard; name = Base; path = Base.lproj/Main.storyboard; sourceTree = "<group>"; };
		B922C13A1BB1F6E800E49E2C /* Assets.xcassets */ = {isa = PBXFileReference; lastKnownFileType = folder.assetcatalog; path = Assets.xcassets; sourceTree = "<group>"; };
		B922C13D1BB1F6E800E49E2C /* Base */ = {isa = PBXFileReference; lastKnownFileType = file.storyboard; name = Base; path = Base.lproj/LaunchScreen.storyboard; sourceTree = "<group>"; };
		B922C13F1BB1F6E800E49E2C /* Info.plist */ = {isa = PBXFileReference; lastKnownFileType = text.plist.xml; path = Info.plist; sourceTree = "<group>"; };
		B922C1451BB1F77800E49E2C /* QuotesViewController.swift */ = {isa = PBXFileReference; fileEncoding = 4; lastKnownFileType = sourcecode.swift; path = QuotesViewController.swift; sourceTree = "<group>"; };
		B922C1471BB1F82300E49E2C /* Quote.swift */ = {isa = PBXFileReference; fileEncoding = 4; lastKnownFileType = sourcecode.swift; path = Quote.swift; sourceTree = "<group>"; };
		B922C1491BB1F84100E49E2C /* Author.swift */ = {isa = PBXFileReference; fileEncoding = 4; lastKnownFileType = sourcecode.swift; path = Author.swift; sourceTree = "<group>"; };
/* End PBXFileReference section */

/* Begin PBXFrameworksBuildPhase section */
		B922C12D1BB1F6E800E49E2C /* Frameworks */ = {
			isa = PBXFrameworksBuildPhase;
			buildActionMask = 2147483647;
			files = (
			);
			runOnlyForDeploymentPostprocessing = 0;
		};
/* End PBXFrameworksBuildPhase section */

/* Begin PBXGroup section */
		B922C1271BB1F6E800E49E2C = {
			isa = PBXGroup;
			children = (
				B922C1321BB1F6E800E49E2C /* CoolQuotes */,
				B922C1311BB1F6E800E49E2C /* Products */,
			);
			sourceTree = "<group>";
		};
		B922C1311BB1F6E800E49E2C /* Products */ = {
			isa = PBXGroup;
			children = (
				B922C1301BB1F6E800E49E2C /* CoolQuotes.app */,
			);
			name = Products;
			sourceTree = "<group>";
		};
		B922C1321BB1F6E800E49E2C /* CoolQuotes */ = {
			isa = PBXGroup;
			children = (
				B922C1331BB1F6E800E49E2C /* AppDelegate.swift */,
				B922C1371BB1F6E800E49E2C /* Main.storyboard */,
				B922C1471BB1F82300E49E2C /* Quote.swift */,
				B90096421BB301AE004D97B9 /* QuoteExtension.swift */,
				B922C1491BB1F84100E49E2C /* Author.swift */,
				B922C13A1BB1F6E800E49E2C /* Assets.xcassets */,
				B922C13C1BB1F6E800E49E2C /* LaunchScreen.storyboard */,
				B922C13F1BB1F6E800E49E2C /* Info.plist */,
				B922C1451BB1F77800E49E2C /* QuotesViewController.swift */,
				B90096441BB3031A004D97B9 /* AddQuoteViewController.swift */,
			);
			path = CoolQuotes;
			sourceTree = "<group>";
		};
/* End PBXGroup section */

/* Begin PBXNativeTarget section */
		B922C12F1BB1F6E800E49E2C /* CoolQuotes */ = {
			isa = PBXNativeTarget;
			buildConfigurationList = B922C1421BB1F6E800E49E2C /* Build configuration list for PBXNativeTarget "CoolQuotes" */;
			buildPhases = (
				B922C12C1BB1F6E800E49E2C /* Sources */,
				B922C12D1BB1F6E800E49E2C /* Frameworks */,
				B922C12E1BB1F6E800E49E2C /* Resources */,
			);
			buildRules = (
			);
			dependencies = (
			);
			name = CoolQuotes;
			productName = CoolQuotes;
			productReference = B922C1301BB1F6E800E49E2C /* CoolQuotes.app */;
			productType = "com.apple.product-type.application";
		};
/* End PBXNativeTarget section */

/* Begin PBXProject section */
		B922C1281BB1F6E800E49E2C /* Project object */ = {
			isa = PBXProject;
			attributes = {
				LastSwiftUpdateCheck = 0710;
				LastUpgradeCheck = 0700;
				ORGANIZATIONNAME = BaselNotBasilProductions;
				TargetAttributes = {
					B922C12F1BB1F6E800E49E2C = {
						CreatedOnToolsVersion = 7.0;
					};
				};
			};
			buildConfigurationList = B922C12B1BB1F6E800E49E2C /* Build configuration list for PBXProject "CoolQuotes" */;
			compatibilityVersion = "Xcode 3.2";
			developmentRegion = English;
			hasScannedForEncodings = 0;
			knownRegions = (
				en,
				Base,
			);
			mainGroup = B922C1271BB1F6E800E49E2C;
			productRefGroup = B922C1311BB1F6E800E49E2C /* Products */;
			projectDirPath = "";
			projectRoot = "";
			targets = (
				B922C12F1BB1F6E800E49E2C /* CoolQuotes */,
			);
		};
/* End PBXProject section */

/* Begin PBXResourcesBuildPhase section */
		B922C12E1BB1F6E800E49E2C /* Resources */ = {
			isa = PBXResourcesBuildPhase;
			buildActionMask = 2147483647;
			files = (
				B922C13E1BB1F6E800E49E2C /* LaunchScreen.storyboard in Resources */,
				B922C13B1BB1F6E800E49E2C /* Assets.xcassets in Resources */,
				B922C1391BB1F6E800E49E2C /* Main.storyboard in Resources */,
			);
			runOnlyForDeploymentPostprocessing = 0;
		};
/* End PBXResourcesBuildPhase section */

/* Begin PBXSourcesBuildPhase section */
		B922C12C1BB1F6E800E49E2C /* Sources */ = {
			isa = PBXSourcesBuildPhase;
			buildActionMask = 2147483647;
			files = (
				B922C1341BB1F6E800E49E2C /* AppDelegate.swift in Sources */,
				B90096451BB3031A004D97B9 /* AddQuoteViewController.swift in Sources */,
				B922C1481BB1F82300E49E2C /* Quote.swift in Sources */,
				B922C14A1BB1F84100E49E2C /* Author.swift in Sources */,
				B90096431BB301AE004D97B9 /* QuoteExtension.swift in Sources */,
				B922C1461BB1F77800E49E2C /* QuotesViewController.swift in Sources */,
			);
			runOnlyForDeploymentPostprocessing = 0;
		};
/* End PBXSourcesBuildPhase section */

/* Begin PBXVariantGroup section */
		B922C1371BB1F6E800E49E2C /* Main.storyboard */ = {
			isa = PBXVariantGroup;
			children = (
				B922C1381BB1F6E800E49E2C /* Base */,
			);
			name = Main.storyboard;
			sourceTree = "<group>";
		};
		B922C13C1BB1F6E800E49E2C /* LaunchScreen.storyboard */ = {
			isa = PBXVariantGroup;
			children = (
				B922C13D1BB1F6E800E49E2C /* Base */,
			);
			name = LaunchScreen.storyboard;
			sourceTree = "<group>";
		};
/* End PBXVariantGroup section */

/* Begin XCBuildConfiguration section */
		B922C1401BB1F6E800E49E2C /* Debug */ = {
			isa = XCBuildConfiguration;
			buildSettings = {
				ALWAYS_SEARCH_USER_PATHS = NO;
				CLANG_CXX_LANGUAGE_STANDARD = "gnu++0x";
				CLANG_CXX_LIBRARY = "libc++";
				CLANG_ENABLE_MODULES = YES;
				CLANG_ENABLE_OBJC_ARC = YES;
				CLANG_WARN_BOOL_CONVERSION = YES;
				CLANG_WARN_CONSTANT_CONVERSION = YES;
				CLANG_WARN_DIRECT_OBJC_ISA_USAGE = YES_ERROR;
				CLANG_WARN_EMPTY_BODY = YES;
				CLANG_WARN_ENUM_CONVERSION = YES;
				CLANG_WARN_INT_CONVERSION = YES;
				CLANG_WARN_OBJC_ROOT_CLASS = YES_ERROR;
				CLANG_WARN_UNREACHABLE_CODE = YES;
				CLANG_WARN__DUPLICATE_METHOD_MATCH = YES;
				"CODE_SIGN_IDENTITY[sdk=iphoneos*]" = "iPhone Developer";
				COPY_PHASE_STRIP = NO;
				DEBUG_INFORMATION_FORMAT = dwarf;
				ENABLE_STRICT_OBJC_MSGSEND = YES;
				ENABLE_TESTABILITY = YES;
				GCC_C_LANGUAGE_STANDARD = gnu99;
				GCC_DYNAMIC_NO_PIC = NO;
				GCC_NO_COMMON_BLOCKS = YES;
				GCC_OPTIMIZATION_LEVEL = 0;
				GCC_PREPROCESSOR_DEFINITIONS = (
					"DEBUG=1",
					"$(inherited)",
				);
				GCC_WARN_64_TO_32_BIT_CONVERSION = YES;
				GCC_WARN_ABOUT_RETURN_TYPE = YES_ERROR;
				GCC_WARN_UNDECLARED_SELECTOR = YES;
				GCC_WARN_UNINITIALIZED_AUTOS = YES_AGGRESSIVE;
				GCC_WARN_UNUSED_FUNCTION = YES;
				GCC_WARN_UNUSED_VARIABLE = YES;
				IPHONEOS_DEPLOYMENT_TARGET = 9.0;
				MTL_ENABLE_DEBUG_INFO = YES;
				ONLY_ACTIVE_ARCH = YES;
				SDKROOT = iphoneos;
				SWIFT_OPTIMIZATION_LEVEL = "-Onone";
			};
			name = Debug;
		};
		B922C1411BB1F6E800E49E2C /* Release */ = {
			isa = XCBuildConfiguration;
			buildSettings = {
				ALWAYS_SEARCH_USER_PATHS = NO;
				CLANG_CXX_LANGUAGE_STANDARD = "gnu++0x";
				CLANG_CXX_LIBRARY = "libc++";
				CLANG_ENABLE_MODULES = YES;
				CLANG_ENABLE_OBJC_ARC = YES;
				CLANG_WARN_BOOL_CONVERSION = YES;
				CLANG_WARN_CONSTANT_CONVERSION = YES;
				CLANG_WARN_DIRECT_OBJC_ISA_USAGE = YES_ERROR;
				CLANG_WARN_EMPTY_BODY = YES;
				CLANG_WARN_ENUM_CONVERSION = YES;
				CLANG_WARN_INT_CONVERSION = YES;
				CLANG_WARN_OBJC_ROOT_CLASS = YES_ERROR;
				CLANG_WARN_UNREACHABLE_CODE = YES;
				CLANG_WARN__DUPLICATE_METHOD_MATCH = YES;
				"CODE_SIGN_IDENTITY[sdk=iphoneos*]" = "iPhone Developer";
				COPY_PHASE_STRIP = NO;
				DEBUG_INFORMATION_FORMAT = "dwarf-with-dsym";
				ENABLE_NS_ASSERTIONS = NO;
				ENABLE_STRICT_OBJC_MSGSEND = YES;
				GCC_C_LANGUAGE_STANDARD = gnu99;
				GCC_NO_COMMON_BLOCKS = YES;
				GCC_WARN_64_TO_32_BIT_CONVERSION = YES;
				GCC_WARN_ABOUT_RETURN_TYPE = YES_ERROR;
				GCC_WARN_UNDECLARED_SELECTOR = YES;
				GCC_WARN_UNINITIALIZED_AUTOS = YES_AGGRESSIVE;
				GCC_WARN_UNUSED_FUNCTION = YES;
				GCC_WARN_UNUSED_VARIABLE = YES;
				IPHONEOS_DEPLOYMENT_TARGET = 9.0;
				MTL_ENABLE_DEBUG_INFO = NO;
				SDKROOT = iphoneos;
				VALIDATE_PRODUCT = YES;
			};
			name = Release;
		};
		B922C1431BB1F6E800E49E2C /* Debug */ = {
			isa = XCBuildConfiguration;
			buildSettings = {
				ASSETCATALOG_COMPILER_APPICON_NAME = AppIcon;
				INFOPLIST_FILE = CoolQuotes/Info.plist;
				LD_RUNPATH_SEARCH_PATHS = "$(inherited) @executable_path/Frameworks";
				PRODUCT_BUNDLE_IDENTIFIER = com.BaselNotBasilProductions.CoolQuotes;
				PRODUCT_NAME = "$(TARGET_NAME)";
			};
			name = Debug;
		};
		B922C1441BB1F6E800E49E2C /* Release */ = {
			isa = XCBuildConfiguration;
			buildSettings = {
				ASSETCATALOG_COMPILER_APPICON_NAME = AppIcon;
				INFOPLIST_FILE = CoolQuotes/Info.plist;
				LD_RUNPATH_SEARCH_PATHS = "$(inherited) @executable_path/Frameworks";
				PRODUCT_BUNDLE_IDENTIFIER = com.BaselNotBasilProductions.CoolQuotes;
				PRODUCT_NAME = "$(TARGET_NAME)";
			};
			name = Release;
		};
/* End XCBuildConfiguration section */

/* Begin XCConfigurationList section */
		B922C12B1BB1F6E800E49E2C /* Build configuration list for PBXProject "CoolQuotes" */ = {
			isa = XCConfigurationList;
			buildConfigurations = (
				B922C1401BB1F6E800E49E2C /* Debug */,
				B922C1411BB1F6E800E49E2C /* Release */,
			);
			defaultConfigurationIsVisible = 0;
			defaultConfigurationName = Release;
		};
		B922C1421BB1F6E800E49E2C /* Build configuration list for PBXNativeTarget "CoolQuotes" */ = {
			isa = XCConfigurationList;
			buildConfigurations = (
				B922C1431BB1F6E800E49E2C /* Debug */,
				B922C1441BB1F6E800E49E2C /* Release */,
			);
			defaultConfigurationIsVisible = 0;
			defaultConfigurationName = Release;
		};
/* End XCConfigurationList section */
	};
	rootObject = B922C1281BB1F6E800E49E2C /* Project object */;
}
